{
  "name": "Project_Symfony_Jobbers",
  "lockfileVersion": 2,
  "requires": true,
  "packages": {
    "": {
      "dependencies": {
        "axentix": "^1.3.1"
      },
      "devDependencies": {
        "bootstrap": "^5.0.2"
      }
    },
    "node_modules/@popperjs/core": {
      "version": "2.9.2",
      "resolved": "https://registry.npmjs.org/@popperjs/core/-/core-2.9.2.tgz",
      "integrity": "sha512-VZMYa7+fXHdwIq1TDhSXoVmSPEGM/aa+6Aiq3nVVJ9bXr24zScr+NlKFKC3iPljA7ho/GAZr+d2jOf5GIRC30Q==",
      "dev": true,
      "peer": true,
      "funding": {
        "type": "opencollective",
        "url": "https://opencollective.com/popperjs"
      }
    },
    "node_modules/axentix": {
      "version": "1.3.1",
      "resolved": "https://registry.npmjs.org/axentix/-/axentix-1.3.1.tgz",
      "integrity": "sha512-xVqPyU/u5Yf2kcnO50e0D7lWjgIe7m3Gq6OERZgrr9P7TeMYcfQj0yIp4XdOdhekAoS79pdyfRvCgC742hgg8Q=="
    },
    "node_modules/bootstrap": {
      "version": "5.0.2",
      "resolved": "https://registry.npmjs.org/bootstrap/-/bootstrap-5.0.2.tgz",
      "integrity": "sha512-1Ge963tyEQWJJ+8qtXFU6wgmAVj9gweEjibUdbmcCEYsn38tVwRk8107rk2vzt6cfQcRr3SlZ8aQBqaD8aqf+Q==",
      "dev": true,
      "funding": {
        "type": "opencollective",
        "url": "https://opencollective.com/bootstrap"
      },
      "peerDependencies": {
        "@popperjs/core": "^2.9.2"
      }
    }
  },
  "dependencies": {
    "@popperjs/core": {
      "version": "2.9.2",
      "resolved": "https://registry.npmjs.org/@popperjs/core/-/core-2.9.2.tgz",
      "integrity": "sha512-VZMYa7+fXHdwIq1TDhSXoVmSPEGM/aa+6Aiq3nVVJ9bXr24zScr+NlKFKC3iPljA7ho/GAZr+d2jOf5GIRC30Q==",
      "dev": true,
      "peer": true
    },
    "axentix": {
      "version": "1.3.1",
      "resolved": "https://registry.npmjs.org/axentix/-/axentix-1.3.1.tgz",
      "integrity": "sha512-xVqPyU/u5Yf2kcnO50e0D7lWjgIe7m3Gq6OERZgrr9P7TeMYcfQj0yIp4XdOdhekAoS79pdyfRvCgC742hgg8Q=="
    },
    "bootstrap": {
      "version": "5.0.2",
      "resolved": "https://registry.npmjs.org/bootstrap/-/bootstrap-5.0.2.tgz",
      "integrity": "sha512-1Ge963tyEQWJJ+8qtXFU6wgmAVj9gweEjibUdbmcCEYsn38tVwRk8107rk2vzt6cfQcRr3SlZ8aQBqaD8aqf+Q==",
      "dev": true,
      "requires": {}
    }
  }
}
